
Microsoft Visual Studio Solution File, Format Version 12.00
# Visual Studio Version 17
VisualStudioVersion = 17.7.34031.279
MinimumVisualStudioVersion = 10.0.40219.1
Project("{FAE04EC0-301F-11D3-BF4B-00C04F79EFBC}") = "GeniusIdiotConsoleApp", "GeniusIdiotConsoleApp\GeniusIdiotConsoleApp.csproj", "{7A777EAB-6981-4028-AC08-958DDCE9CA60}"
EndProject
Project("{FAE04EC0-301F-11D3-BF4B-00C04F79EFBC}") = "GeniusIdiotWindowsFormsApp", "GeniusIdiotWindowsFormsApp\GeniusIdiotWindowsFormsApp.csproj", "{D515498D-D157-4E76-9D49-F887C66C1397}"
EndProject
Project("{FAE04EC0-301F-11D3-BF4B-00C04F79EFBC}") = "GeniusIdiotClassLibrary", "GeniusIdiotClassLibrary\GeniusIdiotClassLibrary.csproj", "{A6BB09AB-CE36-4DBD-AE18-FC8C816565C6}"
EndProject
Global
	GlobalSection(SolutionConfigurationPlatforms) = preSolution
		Debug|Any CPU = Debug|Any CPU
		Release|Any CPU = Release|Any CPU
	EndGlobalSection
	GlobalSection(ProjectConfigurationPlatforms) = postSolution
		{7A777EAB-6981-4028-AC08-958DDCE9CA60}.Debug|Any CPU.ActiveCfg = Debug|Any CPU
		{7A777EAB-6981-4028-AC08-958DDCE9CA60}.Debug|Any CPU.Build.0 = Debug|Any CPU
		{7A777EAB-6981-4028-AC08-958DDCE9CA60}.Release|Any CPU.ActiveCfg = Release|Any CPU
		{7A777EAB-6981-4028-AC08-958DDCE9CA60}.Release|Any CPU.Build.0 = Release|Any CPU
		{D515498D-D157-4E76-9D49-F887C66C1397}.Debug|Any CPU.ActiveCfg = Debug|Any CPU
		{D515498D-D157-4E76-9D49-F887C66C1397}.Debug|Any CPU.Build.0 = Debug|Any CPU
		{D515498D-D157-4E76-9D49-F887C66C1397}.Release|Any CPU.ActiveCfg = Release|Any CPU
		{D515498D-D157-4E76-9D49-F887C66C1397}.Release|Any CPU.Build.0 = Release|Any CPU
		{A6BB09AB-CE36-4DBD-AE18-FC8C816565C6}.Debug|Any CPU.ActiveCfg = Debug|Any CPU
		{A6BB09AB-CE36-4DBD-AE18-FC8C816565C6}.Debug|Any CPU.Build.0 = Debug|Any CPU
		{A6BB09AB-CE36-4DBD-AE18-FC8C816565C6}.Release|Any CPU.ActiveCfg = Release|Any CPU
		{A6BB09AB-CE36-4DBD-AE18-FC8C816565C6}.Release|Any CPU.Build.0 = Release|Any CPU
	EndGlobalSection
	GlobalSection(SolutionProperties) = preSolution
		HideSolutionNode = FALSE
	EndGlobalSection
	GlobalSection(ExtensibilityGlobals) = postSolution
		SolutionGuid = {54A34C55-E333-477A-8202-6B280EC040D8}
	EndGlobalSection
EndGlobal
